{
  "name": "ethereum-dot-org-website",
  "version": "0.0.1",
  "lockfileVersion": 1,
  "requires": true,
  "dependencies": {
    "vue-analytics": {
      "version": "5.16.4",
      "resolved": "https://registry.npmjs.org/vue-analytics/-/vue-analytics-5.16.4.tgz",
      "integrity": "sha512-M67cUqpPeyk2rftrvlx2uU+BQ/C4E8SkF2Ct9LizOYUoTccZtCCJwhMJfQ3XL8xep6p3K8KYz58FzRWvx5zlPw=="
    }
  }
}
